// !$*UTF8*$!
{
	archiveVersion = 1;
	classes = {
	};
	objectVersion = 48;
	objects = {

/* Begin PBXBuildFile section */
		8E0E88BB1F73F44A00EB4471 /* CanvasView.swift in Sources */ = {isa = PBXBuildFile; fileRef = 8E0E88BA1F73F44A00EB4471 /* CanvasView.swift */; };
		8E645D2F1F74188300395E5F /* HDMMapCore.framework in Embed Frameworks */ = {isa = PBXBuildFile; fileRef = 8E645D2E1F74188200395E5F /* HDMMapCore.framework */; settings = {ATTRIBUTES = (CodeSignOnCopy, RemoveHeadersOnCopy, ); }; };
		8E64A01E1F72C32B00F2844C /* AppDelegate.swift in Sources */ = {isa = PBXBuildFile; fileRef = 8E64A01D1F72C32B00F2844C /* AppDelegate.swift */; };
		8E64A0201F72C32B00F2844C /* FirstViewController.swift in Sources */ = {isa = PBXBuildFile; fileRef = 8E64A01F1F72C32B00F2844C /* FirstViewController.swift */; };
		8E64A0221F72C32B00F2844C /* SecondViewController.swift in Sources */ = {isa = PBXBuildFile; fileRef = 8E64A0211F72C32B00F2844C /* SecondViewController.swift */; };
		8E64A0251F72C32B00F2844C /* Main.storyboard in Resources */ = {isa = PBXBuildFile; fileRef = 8E64A0231F72C32B00F2844C /* Main.storyboard */; };
		8E64A0271F72C32B00F2844C /* Assets.xcassets in Resources */ = {isa = PBXBuildFile; fileRef = 8E64A0261F72C32B00F2844C /* Assets.xcassets */; };
		8E64A02A1F72C32B00F2844C /* LaunchScreen.storyboard in Resources */ = {isa = PBXBuildFile; fileRef = 8E64A0281F72C32B00F2844C /* LaunchScreen.storyboard */; };
		8EA117A21F750710009F409A /* ModificationMenuView.swift in Sources */ = {isa = PBXBuildFile; fileRef = 8EA117A11F750710009F409A /* ModificationMenuView.swift */; };
		8EA117A41F7538A1009F409A /* DrawingGeoFenceViewController.swift in Sources */ = {isa = PBXBuildFile; fileRef = 8EA117A31F7538A1009F409A /* DrawingGeoFenceViewController.swift */; };
		8EA117A71F753EF2009F409A /* UpdateListTableViewController.swift in Sources */ = {isa = PBXBuildFile; fileRef = 8EA117A61F753EF2009F409A /* UpdateListTableViewController.swift */; };
		8EA117A91F753F10009F409A /* DeleteListTableViewController.swift in Sources */ = {isa = PBXBuildFile; fileRef = 8EA117A81F753F10009F409A /* DeleteListTableViewController.swift */; };
		8EDB10271F73B395005DF488 /* DeepMap.zip in Resources */ = {isa = PBXBuildFile; fileRef = 8EDB10261F73B203005DF488 /* DeepMap.zip */; };
		8EDB10291F73BED4005DF488 /* BaseMapViewController.swift in Sources */ = {isa = PBXBuildFile; fileRef = 8EDB10281F73BED4005DF488 /* BaseMapViewController.swift */; };
		8EDB10321F73E7D1005DF488 /* MapView.swift in Sources */ = {isa = PBXBuildFile; fileRef = 8EDB10311F73E7D1005DF488 /* MapView.swift */; };
/* End PBXBuildFile section */

/* Begin PBXCopyFilesBuildPhase section */
		8E64A03D1F72C6B900F2844C /* Embed Frameworks */ = {
			isa = PBXCopyFilesBuildPhase;
			buildActionMask = 2147483647;
			dstPath = "";
			dstSubfolderSpec = 10;
			files = (
				8E645D2F1F74188300395E5F /* HDMMapCore.framework in Embed Frameworks */,
			);
			name = "Embed Frameworks";
			runOnlyForDeploymentPostprocessing = 0;
		};
/* End PBXCopyFilesBuildPhase section */

/* Begin PBXFileReference section */
		8E0E88BA1F73F44A00EB4471 /* CanvasView.swift */ = {isa = PBXFileReference; lastKnownFileType = sourcecode.swift; path = CanvasView.swift; sourceTree = "<group>"; };
		8E645D2E1F74188200395E5F /* HDMMapCore.framework */ = {isa = PBXFileReference; lastKnownFileType = wrapper.framework; path = HDMMapCore.framework; sourceTree = "<group>"; };
		8E64A01A1F72C32B00F2844C /* MultipleHDMMapView.app */ = {isa = PBXFileReference; explicitFileType = wrapper.application; includeInIndex = 0; path = MultipleHDMMapView.app; sourceTree = BUILT_PRODUCTS_DIR; };
		8E64A01D1F72C32B00F2844C /* AppDelegate.swift */ = {isa = PBXFileReference; lastKnownFileType = sourcecode.swift; path = AppDelegate.swift; sourceTree = "<group>"; };
		8E64A01F1F72C32B00F2844C /* FirstViewController.swift */ = {isa = PBXFileReference; lastKnownFileType = sourcecode.swift; path = FirstViewController.swift; sourceTree = "<group>"; };
		8E64A0211F72C32B00F2844C /* SecondViewController.swift */ = {isa = PBXFileReference; lastKnownFileType = sourcecode.swift; path = SecondViewController.swift; sourceTree = "<group>"; };
		8E64A0241F72C32B00F2844C /* Base */ = {isa = PBXFileReference; lastKnownFileType = file.storyboard; name = Base; path = Base.lproj/Main.storyboard; sourceTree = "<group>"; };
		8E64A0261F72C32B00F2844C /* Assets.xcassets */ = {isa = PBXFileReference; lastKnownFileType = folder.assetcatalog; path = Assets.xcassets; sourceTree = "<group>"; };
		8E64A0291F72C32B00F2844C /* Base */ = {isa = PBXFileReference; lastKnownFileType = file.storyboard; name = Base; path = Base.lproj/LaunchScreen.storyboard; sourceTree = "<group>"; };
		8E64A02B1F72C32B00F2844C /* Info.plist */ = {isa = PBXFileReference; lastKnownFileType = text.plist.xml; path = Info.plist; sourceTree = "<group>"; };
		8EA117A11F750710009F409A /* ModificationMenuView.swift */ = {isa = PBXFileReference; lastKnownFileType = sourcecode.swift; path = ModificationMenuView.swift; sourceTree = "<group>"; };
		8EA117A31F7538A1009F409A /* DrawingGeoFenceViewController.swift */ = {isa = PBXFileReference; lastKnownFileType = sourcecode.swift; path = DrawingGeoFenceViewController.swift; sourceTree = "<group>"; };
		8EA117A61F753EF2009F409A /* UpdateListTableViewController.swift */ = {isa = PBXFileReference; lastKnownFileType = sourcecode.swift; path = UpdateListTableViewController.swift; sourceTree = "<group>"; };
		8EA117A81F753F10009F409A /* DeleteListTableViewController.swift */ = {isa = PBXFileReference; lastKnownFileType = sourcecode.swift; path = DeleteListTableViewController.swift; sourceTree = "<group>"; };
		8EDB10261F73B203005DF488 /* DeepMap.zip */ = {isa = PBXFileReference; lastKnownFileType = archive.zip; path = DeepMap.zip; sourceTree = "<group>"; };
		8EDB10281F73BED4005DF488 /* BaseMapViewController.swift */ = {isa = PBXFileReference; lastKnownFileType = sourcecode.swift; path = BaseMapViewController.swift; sourceTree = "<group>"; };
		8EDB10311F73E7D1005DF488 /* MapView.swift */ = {isa = PBXFileReference; lastKnownFileType = sourcecode.swift; path = MapView.swift; sourceTree = "<group>"; };
/* End PBXFileReference section */

/* Begin PBXFrameworksBuildPhase section */
		8E64A0171F72C32B00F2844C /* Frameworks */ = {
			isa = PBXFrameworksBuildPhase;
			buildActionMask = 2147483647;
			files = (
			);
			runOnlyForDeploymentPostprocessing = 0;
		};
/* End PBXFrameworksBuildPhase section */

/* Begin PBXGroup section */
		8E64A0111F72C32B00F2844C = {
			isa = PBXGroup;
			children = (
				8E645D2E1F74188200395E5F /* HDMMapCore.framework */,
				8E64A01C1F72C32B00F2844C /* MultipleHDMMapView */,
				8E64A01B1F72C32B00F2844C /* Products */,
			);
			sourceTree = "<group>";
		};
		8E64A01B1F72C32B00F2844C /* Products */ = {
			isa = PBXGroup;
			children = (
				8E64A01A1F72C32B00F2844C /* MultipleHDMMapView.app */,
			);
			name = Products;
			sourceTree = "<group>";
		};
		8E64A01C1F72C32B00F2844C /* MultipleHDMMapView */ = {
			isa = PBXGroup;
			children = (
				8EA117A51F753EC3009F409A /* FunctionController */,
				8EDB103A1F73F2CF005DF488 /* DrawHandler */,
				8EDB102A1F73BEDB005DF488 /* MapController */,
				8E64A01D1F72C32B00F2844C /* AppDelegate.swift */,
				8E64A01F1F72C32B00F2844C /* FirstViewController.swift */,
				8E64A0211F72C32B00F2844C /* SecondViewController.swift */,
				8E64A0231F72C32B00F2844C /* Main.storyboard */,
				8E64A0261F72C32B00F2844C /* Assets.xcassets */,
				8EDB10261F73B203005DF488 /* DeepMap.zip */,
				8E64A0281F72C32B00F2844C /* LaunchScreen.storyboard */,
				8E64A02B1F72C32B00F2844C /* Info.plist */,
			);
			path = MultipleHDMMapView;
			sourceTree = "<group>";
		};
		8EA117A51F753EC3009F409A /* FunctionController */ = {
			isa = PBXGroup;
			children = (
				8EA117A31F7538A1009F409A /* DrawingGeoFenceViewController.swift */,
				8EA117A61F753EF2009F409A /* UpdateListTableViewController.swift */,
				8EA117A81F753F10009F409A /* DeleteListTableViewController.swift */,
			);
			path = FunctionController;
			sourceTree = "<group>";
		};
		8EDB102A1F73BEDB005DF488 /* MapController */ = {
			isa = PBXGroup;
			children = (
				8EDB10281F73BED4005DF488 /* BaseMapViewController.swift */,
				8EDB10311F73E7D1005DF488 /* MapView.swift */,
			);
			path = MapController;
			sourceTree = "<group>";
		};
		8EDB103A1F73F2CF005DF488 /* DrawHandler */ = {
			isa = PBXGroup;
			children = (
				8E0E88BA1F73F44A00EB4471 /* CanvasView.swift */,
				8EA117A11F750710009F409A /* ModificationMenuView.swift */,
			);
			path = DrawHandler;
			sourceTree = "<group>";
		};
/* End PBXGroup section */

/* Begin PBXNativeTarget section */
		8E64A0191F72C32B00F2844C /* MultipleHDMMapView */ = {
			isa = PBXNativeTarget;
			buildConfigurationList = 8E64A02E1F72C32B00F2844C /* Build configuration list for PBXNativeTarget "MultipleHDMMapView" */;
			buildPhases = (
				8E64A0161F72C32B00F2844C /* Sources */,
				8E64A0171F72C32B00F2844C /* Frameworks */,
				8E64A0181F72C32B00F2844C /* Resources */,
				8E64A03D1F72C6B900F2844C /* Embed Frameworks */,
			);
			buildRules = (
			);
			dependencies = (
			);
			name = MultipleHDMMapView;
			productName = MultipleHDMMapView;
			productReference = 8E64A01A1F72C32B00F2844C /* MultipleHDMMapView.app */;
			productType = "com.apple.product-type.application";
		};
/* End PBXNativeTarget section */

/* Begin PBXProject section */
		8E64A0121F72C32B00F2844C /* Project object */ = {
			isa = PBXProject;
			attributes = {
				LastSwiftUpdateCheck = 0900;
				LastUpgradeCheck = 0900;
				ORGANIZATIONNAME = HDMI;
				TargetAttributes = {
					8E64A0191F72C32B00F2844C = {
						CreatedOnToolsVersion = 9.0;
						ProvisioningStyle = Automatic;
					};
				};
			};
			buildConfigurationList = 8E64A0151F72C32B00F2844C /* Build configuration list for PBXProject "MultipleHDMMapView" */;
			compatibilityVersion = "Xcode 8.0";
			developmentRegion = en;
			hasScannedForEncodings = 0;
			knownRegions = (
				en,
				Base,
			);
			mainGroup = 8E64A0111F72C32B00F2844C;
			productRefGroup = 8E64A01B1F72C32B00F2844C /* Products */;
			projectDirPath = "";
			projectRoot = "";
			targets = (
				8E64A0191F72C32B00F2844C /* MultipleHDMMapView */,
			);
		};
/* End PBXProject section */

/* Begin PBXResourcesBuildPhase section */
		8E64A0181F72C32B00F2844C /* Resources */ = {
			isa = PBXResourcesBuildPhase;
			buildActionMask = 2147483647;
			files = (
				8EDB10271F73B395005DF488 /* DeepMap.zip in Resources */,
				8E64A02A1F72C32B00F2844C /* LaunchScreen.storyboard in Resources */,
				8E64A0271F72C32B00F2844C /* Assets.xcassets in Resources */,
				8E64A0251F72C32B00F2844C /* Main.storyboard in Resources */,
			);
			runOnlyForDeploymentPostprocessing = 0;
		};
/* End PBXResourcesBuildPhase section */

/* Begin PBXSourcesBuildPhase section */
		8E64A0161F72C32B00F2844C /* Sources */ = {
			isa = PBXSourcesBuildPhase;
			buildActionMask = 2147483647;
			files = (
				8EA117A21F750710009F409A /* ModificationMenuView.swift in Sources */,
				8E64A0221F72C32B00F2844C /* SecondViewController.swift in Sources */,
				8EA117A91F753F10009F409A /* DeleteListTableViewController.swift in Sources */,
				8E64A01E1F72C32B00F2844C /* AppDelegate.swift in Sources */,
				8EA117A71F753EF2009F409A /* UpdateListTableViewController.swift in Sources */,
				8E0E88BB1F73F44A00EB4471 /* CanvasView.swift in Sources */,
				8EDB10321F73E7D1005DF488 /* MapView.swift in Sources */,
				8EA117A41F7538A1009F409A /* DrawingGeoFenceViewController.swift in Sources */,
				8EDB10291F73BED4005DF488 /* BaseMapViewController.swift in Sources */,
				8E64A0201F72C32B00F2844C /* FirstViewController.swift in Sources */,
			);
			runOnlyForDeploymentPostprocessing = 0;
		};
/* End PBXSourcesBuildPhase section */

/* Begin PBXVariantGroup section */
		8E64A0231F72C32B00F2844C /* Main.storyboard */ = {
			isa = PBXVariantGroup;
			children = (
				8E64A0241F72C32B00F2844C /* Base */,
			);
			name = Main.storyboard;
			sourceTree = "<group>";
		};
		8E64A0281F72C32B00F2844C /* LaunchScreen.storyboard */ = {
			isa = PBXVariantGroup;
			children = (
				8E64A0291F72C32B00F2844C /* Base */,
			);
			name = LaunchScreen.storyboard;
			sourceTree = "<group>";
		};
/* End PBXVariantGroup section */

/* Begin XCBuildConfiguration section */
		8E64A02C1F72C32B00F2844C /* Debug */ = {
			isa = XCBuildConfiguration;
			buildSettings = {
				ALWAYS_SEARCH_USER_PATHS = NO;
				CLANG_ANALYZER_NONNULL = YES;
				CLANG_ANALYZER_NUMBER_OBJECT_CONVERSION = YES_AGGRESSIVE;
				CLANG_CXX_LANGUAGE_STANDARD = "gnu++14";
				CLANG_CXX_LIBRARY = "libc++";
				CLANG_ENABLE_MODULES = YES;
				CLANG_ENABLE_OBJC_ARC = YES;
				CLANG_WARN_BLOCK_CAPTURE_AUTORELEASING = YES;
				CLANG_WARN_BOOL_CONVERSION = YES;
				CLANG_WARN_COMMA = YES;
				CLANG_WARN_CONSTANT_CONVERSION = YES;
				CLANG_WARN_DIRECT_OBJC_ISA_USAGE = YES_ERROR;
				CLANG_WARN_DOCUMENTATION_COMMENTS = YES;
				CLANG_WARN_EMPTY_BODY = YES;
				CLANG_WARN_ENUM_CONVERSION = YES;
				CLANG_WARN_INFINITE_RECURSION = YES;
				CLANG_WARN_INT_CONVERSION = YES;
				CLANG_WARN_NON_LITERAL_NULL_CONVERSION = YES;
				CLANG_WARN_OBJC_LITERAL_CONVERSION = YES;
				CLANG_WARN_OBJC_ROOT_CLASS = YES_ERROR;
				CLANG_WARN_RANGE_LOOP_ANALYSIS = YES;
				CLANG_WARN_STRICT_PROTOTYPES = YES;
				CLANG_WARN_SUSPICIOUS_MOVE = YES;
				CLANG_WARN_UNGUARDED_AVAILABILITY = YES_AGGRESSIVE;
				CLANG_WARN_UNREACHABLE_CODE = YES;
				CLANG_WARN__DUPLICATE_METHOD_MATCH = YES;
				CODE_SIGN_IDENTITY = "iPhone Developer";
				COPY_PHASE_STRIP = NO;
				DEBUG_INFORMATION_FORMAT = dwarf;
				ENABLE_STRICT_OBJC_MSGSEND = YES;
				ENABLE_TESTABILITY = YES;
				GCC_C_LANGUAGE_STANDARD = gnu11;
				GCC_DYNAMIC_NO_PIC = NO;
				GCC_NO_COMMON_BLOCKS = YES;
				GCC_OPTIMIZATION_LEVEL = 0;
				GCC_PREPROCESSOR_DEFINITIONS = (
					"DEBUG=1",
					"$(inherited)",
				);
				GCC_WARN_64_TO_32_BIT_CONVERSION = YES;
				GCC_WARN_ABOUT_RETURN_TYPE = YES_ERROR;
				GCC_WARN_UNDECLARED_SELECTOR = YES;
				GCC_WARN_UNINITIALIZED_AUTOS = YES_AGGRESSIVE;
				GCC_WARN_UNUSED_FUNCTION = YES;
				GCC_WARN_UNUSED_VARIABLE = YES;
				IPHONEOS_DEPLOYMENT_TARGET = 11.0;
				MTL_ENABLE_DEBUG_INFO = YES;
				ONLY_ACTIVE_ARCH = YES;
				SDKROOT = iphoneos;
				SWIFT_ACTIVE_COMPILATION_CONDITIONS = DEBUG;
				SWIFT_OPTIMIZATION_LEVEL = "-Onone";
			};
			name = Debug;
		};
		8E64A02D1F72C32B00F2844C /* Release */ = {
			isa = XCBuildConfiguration;
			buildSettings = {
				ALWAYS_SEARCH_USER_PATHS = NO;
				CLANG_ANALYZER_NONNULL = YES;
				CLANG_ANALYZER_NUMBER_OBJECT_CONVERSION = YES_AGGRESSIVE;
				CLANG_CXX_LANGUAGE_STANDARD = "gnu++14";
				CLANG_CXX_LIBRARY = "libc++";
				CLANG_ENABLE_MODULES = YES;
				CLANG_ENABLE_OBJC_ARC = YES;
				CLANG_WARN_BLOCK_CAPTURE_AUTORELEASING = YES;
				CLANG_WARN_BOOL_CONVERSION = YES;
				CLANG_WARN_COMMA = YES;
				CLANG_WARN_CONSTANT_CONVERSION = YES;
				CLANG_WARN_DIRECT_OBJC_ISA_USAGE = YES_ERROR;
				CLANG_WARN_DOCUMENTATION_COMMENTS = YES;
				CLANG_WARN_EMPTY_BODY = YES;
				CLANG_WARN_ENUM_CONVERSION = YES;
				CLANG_WARN_INFINITE_RECURSION = YES;
				CLANG_WARN_INT_CONVERSION = YES;
				CLANG_WARN_NON_LITERAL_NULL_CONVERSION = YES;
				CLANG_WARN_OBJC_LITERAL_CONVERSION = YES;
				CLANG_WARN_OBJC_ROOT_CLASS = YES_ERROR;
				CLANG_WARN_RANGE_LOOP_ANALYSIS = YES;
				CLANG_WARN_STRICT_PROTOTYPES = YES;
				CLANG_WARN_SUSPICIOUS_MOVE = YES;
				CLANG_WARN_UNGUARDED_AVAILABILITY = YES_AGGRESSIVE;
				CLANG_WARN_UNREACHABLE_CODE = YES;
				CLANG_WARN__DUPLICATE_METHOD_MATCH = YES;
				CODE_SIGN_IDENTITY = "iPhone Developer";
				COPY_PHASE_STRIP = NO;
				DEBUG_INFORMATION_FORMAT = "dwarf-with-dsym";
				ENABLE_NS_ASSERTIONS = NO;
				ENABLE_STRICT_OBJC_MSGSEND = YES;
				GCC_C_LANGUAGE_STANDARD = gnu11;
				GCC_NO_COMMON_BLOCKS = YES;
				GCC_WARN_64_TO_32_BIT_CONVERSION = YES;
				GCC_WARN_ABOUT_RETURN_TYPE = YES_ERROR;
				GCC_WARN_UNDECLARED_SELECTOR = YES;
				GCC_WARN_UNINITIALIZED_AUTOS = YES_AGGRESSIVE;
				GCC_WARN_UNUSED_FUNCTION = YES;
				GCC_WARN_UNUSED_VARIABLE = YES;
				IPHONEOS_DEPLOYMENT_TARGET = 11.0;
				MTL_ENABLE_DEBUG_INFO = NO;
				SDKROOT = iphoneos;
				SWIFT_OPTIMIZATION_LEVEL = "-Owholemodule";
				VALIDATE_PRODUCT = YES;
			};
			name = Release;
		};
		8E64A02F1F72C32B00F2844C /* Debug */ = {
			isa = XCBuildConfiguration;
			buildSettings = {
				ASSETCATALOG_COMPILER_APPICON_NAME = AppIcon;
				CODE_SIGN_STYLE = Automatic;
				DEVELOPMENT_TEAM = Q578P3U8MM;
				FRAMEWORK_SEARCH_PATHS = (
					"$(inherited)",
					"$(PROJECT_DIR)",
				);
				INFOPLIST_FILE = MultipleHDMMapView/Info.plist;
				IPHONEOS_DEPLOYMENT_TARGET = 10.2;
				LD_RUNPATH_SEARCH_PATHS = "$(inherited) @executable_path/Frameworks";
				PRODUCT_BUNDLE_IDENTIFIER = com.hdmi.MultipleHDMMapView;
				PRODUCT_NAME = "$(TARGET_NAME)";
				SWIFT_VERSION = 4.0;
				TARGETED_DEVICE_FAMILY = "1,2";
			};
			name = Debug;
		};
		8E64A0301F72C32B00F2844C /* Release */ = {
			isa = XCBuildConfiguration;
			buildSettings = {
				ASSETCATALOG_COMPILER_APPICON_NAME = AppIcon;
				CODE_SIGN_STYLE = Automatic;
				DEVELOPMENT_TEAM = Q578P3U8MM;
				FRAMEWORK_SEARCH_PATHS = (
					"$(inherited)",
					"$(PROJECT_DIR)",
				);
				INFOPLIST_FILE = MultipleHDMMapView/Info.plist;
				IPHONEOS_DEPLOYMENT_TARGET = 10.2;
				LD_RUNPATH_SEARCH_PATHS = "$(inherited) @executable_path/Frameworks";
				PRODUCT_BUNDLE_IDENTIFIER = com.hdmi.MultipleHDMMapView;
				PRODUCT_NAME = "$(TARGET_NAME)";
				SWIFT_VERSION = 4.0;
				TARGETED_DEVICE_FAMILY = "1,2";
			};
			name = Release;
		};
/* End XCBuildConfiguration section */

/* Begin XCConfigurationList section */
		8E64A0151F72C32B00F2844C /* Build configuration list for PBXProject "MultipleHDMMapView" */ = {
			isa = XCConfigurationList;
			buildConfigurations = (
				8E64A02C1F72C32B00F2844C /* Debug */,
				8E64A02D1F72C32B00F2844C /* Release */,
			);
			defaultConfigurationIsVisible = 0;
			defaultConfigurationName = Release;
		};
		8E64A02E1F72C32B00F2844C /* Build configuration list for PBXNativeTarget "MultipleHDMMapView" */ = {
			isa = XCConfigurationList;
			buildConfigurations = (
				8E64A02F1F72C32B00F2844C /* Debug */,
				8E64A0301F72C32B00F2844C /* Release */,
			);
			defaultConfigurationIsVisible = 0;
			defaultConfigurationName = Release;
		};
/* End XCConfigurationList section */
	};
	rootObject = 8E64A0121F72C32B00F2844C /* Project object */;
}
